
Microsoft Visual Studio Solution File, Format Version 12.00
# Visual Studio Version 17
VisualStudioVersion = 17.9.34616.47
MinimumVisualStudioVersion = 10.0.40219.1
Project("{9A19103F-16F7-4668-BE54-9A1E7A4F7556}") = "WebApi", "WebApi\WebApi.csproj", "{7BEA3294-77D4-4AD3-9F80-2252662F86A4}"
EndProject
Project("{9A19103F-16F7-4668-BE54-9A1E7A4F7556}") = "DataAccess", "DataAccess\DataAccess.csproj", "{5A46C8B5-E9E5-4367-9C41-1F79DB7BDD30}"
EndProject
Project("{9A19103F-16F7-4668-BE54-9A1E7A4F7556}") = "Application", "Application\Application.csproj", "{421BE5DB-8007-4732-B6D2-714D40DB161E}"
EndProject
Project("{9A19103F-16F7-4668-BE54-9A1E7A4F7556}") = "Domain", "Domain\Domain.csproj", "{2D7D353C-4D56-4029-AB0E-624A836FEC98}"
EndProject
Project("{9A19103F-16F7-4668-BE54-9A1E7A4F7556}") = "Infrastructure", "Infrastructure\Infrastructure.csproj", "{9EBD127F-E923-4CC2-85DC-EE81F501E5FB}"
EndProject
Project("{E53339B2-1760-4266-BCC7-CA923CBCF16C}") = "docker-compose", "docker-compose.dcproj", "{98CBE486-C3D5-4ED4-A9AA-414A5FE43CD7}"
EndProject
Global
	GlobalSection(SolutionConfigurationPlatforms) = preSolution
		Debug|Any CPU = Debug|Any CPU
		Release|Any CPU = Release|Any CPU
	EndGlobalSection
	GlobalSection(ProjectConfigurationPlatforms) = postSolution
		{7BEA3294-77D4-4AD3-9F80-2252662F86A4}.Debug|Any CPU.ActiveCfg = Debug|Any CPU
		{7BEA3294-77D4-4AD3-9F80-2252662F86A4}.Debug|Any CPU.Build.0 = Debug|Any CPU
		{7BEA3294-77D4-4AD3-9F80-2252662F86A4}.Release|Any CPU.ActiveCfg = Release|Any CPU
		{7BEA3294-77D4-4AD3-9F80-2252662F86A4}.Release|Any CPU.Build.0 = Release|Any CPU
		{5A46C8B5-E9E5-4367-9C41-1F79DB7BDD30}.Debug|Any CPU.ActiveCfg = Debug|Any CPU
		{5A46C8B5-E9E5-4367-9C41-1F79DB7BDD30}.Debug|Any CPU.Build.0 = Debug|Any CPU
		{5A46C8B5-E9E5-4367-9C41-1F79DB7BDD30}.Release|Any CPU.ActiveCfg = Release|Any CPU
		{5A46C8B5-E9E5-4367-9C41-1F79DB7BDD30}.Release|Any CPU.Build.0 = Release|Any CPU
		{421BE5DB-8007-4732-B6D2-714D40DB161E}.Debug|Any CPU.ActiveCfg = Debug|Any CPU
		{421BE5DB-8007-4732-B6D2-714D40DB161E}.Debug|Any CPU.Build.0 = Debug|Any CPU
		{421BE5DB-8007-4732-B6D2-714D40DB161E}.Release|Any CPU.ActiveCfg = Release|Any CPU
		{421BE5DB-8007-4732-B6D2-714D40DB161E}.Release|Any CPU.Build.0 = Release|Any CPU
		{2D7D353C-4D56-4029-AB0E-624A836FEC98}.Debug|Any CPU.ActiveCfg = Debug|Any CPU
		{2D7D353C-4D56-4029-AB0E-624A836FEC98}.Debug|Any CPU.Build.0 = Debug|Any CPU
		{2D7D353C-4D56-4029-AB0E-624A836FEC98}.Release|Any CPU.ActiveCfg = Release|Any CPU
		{2D7D353C-4D56-4029-AB0E-624A836FEC98}.Release|Any CPU.Build.0 = Release|Any CPU
		{9EBD127F-E923-4CC2-85DC-EE81F501E5FB}.Debug|Any CPU.ActiveCfg = Debug|Any CPU
		{9EBD127F-E923-4CC2-85DC-EE81F501E5FB}.Debug|Any CPU.Build.0 = Debug|Any CPU
		{9EBD127F-E923-4CC2-85DC-EE81F501E5FB}.Release|Any CPU.ActiveCfg = Release|Any CPU
		{9EBD127F-E923-4CC2-85DC-EE81F501E5FB}.Release|Any CPU.Build.0 = Release|Any CPU
		{98CBE486-C3D5-4ED4-A9AA-414A5FE43CD7}.Debug|Any CPU.ActiveCfg = Debug|Any CPU
		{98CBE486-C3D5-4ED4-A9AA-414A5FE43CD7}.Debug|Any CPU.Build.0 = Debug|Any CPU
		{98CBE486-C3D5-4ED4-A9AA-414A5FE43CD7}.Release|Any CPU.ActiveCfg = Release|Any CPU
		{98CBE486-C3D5-4ED4-A9AA-414A5FE43CD7}.Release|Any CPU.Build.0 = Release|Any CPU
	EndGlobalSection
	GlobalSection(SolutionProperties) = preSolution
		HideSolutionNode = FALSE
	EndGlobalSection
	GlobalSection(ExtensibilityGlobals) = postSolution
		SolutionGuid = {937DC86C-9680-4628-9309-30E21AA31A28}
	EndGlobalSection
EndGlobal
